
Microsoft Visual Studio Solution File, Format Version 12.00
# Visual Studio 15
VisualStudioVersion = 15.0.28307.1525
MinimumVisualStudioVersion = 10.0.40219.1
Project("{FAE04EC0-301F-11D3-BF4B-00C04F79EFBC}") = "DigitalCurrency", "DigitalCurrency\DigitalCurrency.csproj", "{856ACA29-15BC-466E-B386-DF838729E3CA}"
EndProject
Global
	GlobalSection(SolutionConfigurationPlatforms) = preSolution
		Debug|Any CPU = Debug|Any CPU
		Release|Any CPU = Release|Any CPU
	EndGlobalSection
	GlobalSection(ProjectConfigurationPlatforms) = postSolution
		{856ACA29-15BC-466E-B386-DF838729E3CA}.Debug|Any CPU.ActiveCfg = Debug|Any CPU
		{856ACA29-15BC-466E-B386-DF838729E3CA}.Debug|Any CPU.Build.0 = Debug|Any CPU
		{856ACA29-15BC-466E-B386-DF838729E3CA}.Release|Any CPU.ActiveCfg = Release|Any CPU
		{856ACA29-15BC-466E-B386-DF838729E3CA}.Release|Any CPU.Build.0 = Release|Any CPU
	EndGlobalSection
	GlobalSection(SolutionProperties) = preSolution
		HideSolutionNode = FALSE
	EndGlobalSection
	GlobalSection(ExtensibilityGlobals) = postSolution
		SolutionGuid = {F525D7B2-F1A0-4455-B82A-6649B996954F}
	EndGlobalSection
EndGlobal
